
Microsoft Visual Studio Solution File, Format Version 12.00
# Visual Studio Version 17
VisualStudioVersion = 17.8.34330.188
MinimumVisualStudioVersion = 10.0.40219.1
Project("{9A19103F-16F7-4668-BE54-9A1E7A4F7556}") = "FileDiff.UI", "UI\FileDiff.UI.csproj", "{BFCC6B0B-4D36-477C-9696-842514CDF91E}"
EndProject
Project("{2150E333-8FDC-42A3-9474-1A3956D46DE8}") = "Solution Items", "Solution Items", "{252FE7DC-AB16-478E-855A-7C1541D4F77C}"
	ProjectSection(SolutionItems) = preProject
		.gitignore = .gitignore
	EndProjectSection
EndProject
Project("{9A19103F-16F7-4668-BE54-9A1E7A4F7556}") = "FileDiff.Core", "Core\FileDiff.Core.csproj", "{64ED39D2-FB3F-4C66-A27A-7AE931511315}"
EndProject
Project("{9A19103F-16F7-4668-BE54-9A1E7A4F7556}") = "FileDiff.IO", "IO\FileDiff.IO.csproj", "{D6A550F4-C451-4135-9763-2CB9EC1BDD35}"
EndProject
Global
	GlobalSection(SolutionConfigurationPlatforms) = preSolution
		Debug|Any CPU = Debug|Any CPU
		Release|Any CPU = Release|Any CPU
	EndGlobalSection
	GlobalSection(ProjectConfigurationPlatforms) = postSolution
		{BFCC6B0B-4D36-477C-9696-842514CDF91E}.Debug|Any CPU.ActiveCfg = Debug|Any CPU
		{BFCC6B0B-4D36-477C-9696-842514CDF91E}.Debug|Any CPU.Build.0 = Debug|Any CPU
		{BFCC6B0B-4D36-477C-9696-842514CDF91E}.Release|Any CPU.ActiveCfg = Release|Any CPU
		{BFCC6B0B-4D36-477C-9696-842514CDF91E}.Release|Any CPU.Build.0 = Release|Any CPU
		{64ED39D2-FB3F-4C66-A27A-7AE931511315}.Debug|Any CPU.ActiveCfg = Debug|Any CPU
		{64ED39D2-FB3F-4C66-A27A-7AE931511315}.Debug|Any CPU.Build.0 = Debug|Any CPU
		{64ED39D2-FB3F-4C66-A27A-7AE931511315}.Release|Any CPU.ActiveCfg = Release|Any CPU
		{64ED39D2-FB3F-4C66-A27A-7AE931511315}.Release|Any CPU.Build.0 = Release|Any CPU
		{D6A550F4-C451-4135-9763-2CB9EC1BDD35}.Debug|Any CPU.ActiveCfg = Debug|Any CPU
		{D6A550F4-C451-4135-9763-2CB9EC1BDD35}.Debug|Any CPU.Build.0 = Debug|Any CPU
		{D6A550F4-C451-4135-9763-2CB9EC1BDD35}.Release|Any CPU.ActiveCfg = Release|Any CPU
		{D6A550F4-C451-4135-9763-2CB9EC1BDD35}.Release|Any CPU.Build.0 = Release|Any CPU
	EndGlobalSection
	GlobalSection(SolutionProperties) = preSolution
		HideSolutionNode = FALSE
	EndGlobalSection
	GlobalSection(ExtensibilityGlobals) = postSolution
		SolutionGuid = {2D3055AB-030C-4CBA-B102-6086C2BBAAE0}
	EndGlobalSection
EndGlobal
